
Microsoft Visual Studio Solution File, Format Version 12.00
# Visual Studio 14
VisualStudioVersion = 14.0.25123.0
MinimumVisualStudioVersion = 10.0.40219.1
Project("{FAE04EC0-301F-11D3-BF4B-00C04F79EFBC}") = "DynamicDataForm", "AutoBinder\DynamicDataForm.csproj", "{FBE3DC59-5129-49B6-8D94-5E273BEEADCE}"
EndProject
Project("{FAE04EC0-301F-11D3-BF4B-00C04F79EFBC}") = "PropertyCreatorTester", "PropertyCreatorTester\PropertyCreatorTester.csproj", "{C6B9188A-380C-43DF-86BD-A17138B516BF}"
EndProject
Project("{FAE04EC0-301F-11D3-BF4B-00C04F79EFBC}") = "DynamicDataFormSample", "AutoBinderSample\DynamicDataFormSample.csproj", "{F25E5110-29AF-4A02-9F08-58AB8C658227}"
EndProject
Global
	GlobalSection(SolutionConfigurationPlatforms) = preSolution
		Debug|Any CPU = Debug|Any CPU
		Release|Any CPU = Release|Any CPU
	EndGlobalSection
	GlobalSection(ProjectConfigurationPlatforms) = postSolution
		{FBE3DC59-5129-49B6-8D94-5E273BEEADCE}.Debug|Any CPU.ActiveCfg = Debug|Any CPU
		{FBE3DC59-5129-49B6-8D94-5E273BEEADCE}.Debug|Any CPU.Build.0 = Debug|Any CPU
		{FBE3DC59-5129-49B6-8D94-5E273BEEADCE}.Release|Any CPU.ActiveCfg = Release|Any CPU
		{FBE3DC59-5129-49B6-8D94-5E273BEEADCE}.Release|Any CPU.Build.0 = Release|Any CPU
		{C6B9188A-380C-43DF-86BD-A17138B516BF}.Debug|Any CPU.ActiveCfg = Debug|Any CPU
		{C6B9188A-380C-43DF-86BD-A17138B516BF}.Debug|Any CPU.Build.0 = Debug|Any CPU
		{C6B9188A-380C-43DF-86BD-A17138B516BF}.Release|Any CPU.ActiveCfg = Release|Any CPU
		{C6B9188A-380C-43DF-86BD-A17138B516BF}.Release|Any CPU.Build.0 = Release|Any CPU
		{F25E5110-29AF-4A02-9F08-58AB8C658227}.Debug|Any CPU.ActiveCfg = Debug|Any CPU
		{F25E5110-29AF-4A02-9F08-58AB8C658227}.Debug|Any CPU.Build.0 = Debug|Any CPU
		{F25E5110-29AF-4A02-9F08-58AB8C658227}.Release|Any CPU.ActiveCfg = Release|Any CPU
		{F25E5110-29AF-4A02-9F08-58AB8C658227}.Release|Any CPU.Build.0 = Release|Any CPU
	EndGlobalSection
	GlobalSection(SolutionProperties) = preSolution
		HideSolutionNode = FALSE
	EndGlobalSection
EndGlobal
